
Microsoft Visual Studio Solution File, Format Version 12.00
# Visual Studio 14
VisualStudioVersion = 14.0.23107.0
MinimumVisualStudioVersion = 10.0.40219.1
Project("{FAE04EC0-301F-11D3-BF4B-00C04F79EFBC}") = "reCaptcha", "reCaptcha\reCaptcha.csproj", "{E8178D2F-838E-450D-8CAA-7CF1DF483BC6}"
EndProject
Project("{2150E333-8FDC-42A3-9474-1A3956D46DE8}") = ".nuget", ".nuget", "{DA745D5A-A71B-4604-A815-28D3A5441C79}"
	ProjectSection(SolutionItems) = preProject
		.nuget\NuGet.Config = .nuget\NuGet.Config
		.nuget\NuGet.exe = .nuget\NuGet.exe
		.nuget\NuGet.targets = .nuget\NuGet.targets
	EndProjectSection
EndProject
Project("{FAE04EC0-301F-11D3-BF4B-00C04F79EFBC}") = "reCaptcha.test", "reCaptcha.test\reCaptcha.test.csproj", "{B2E1EEF7-F3BF-4711-BB96-C96238229339}"
EndProject
Project("{2150E333-8FDC-42A3-9474-1A3956D46DE8}") = "ProjectFiles", "ProjectFiles", "{E7144273-0C2D-496D-A1C0-79F53CB54680}"
	ProjectSection(SolutionItems) = preProject
		.gitignore = .gitignore
		.travis.yml = .travis.yml
		README.md = README.md
	EndProjectSection
EndProject
Project("{FAE04EC0-301F-11D3-BF4B-00C04F79EFBC}") = "reCaptcha.NuGet", "reCaptcha.NuGet\reCaptcha.NuGet.csproj", "{0451BAEF-DF2E-4B98-8644-94EE9415E389}"
EndProject
Project("{2150E333-8FDC-42A3-9474-1A3956D46DE8}") = "Solution Items", "Solution Items", "{4C57DFA6-50EB-4229-B2AB-1B3A29590F29}"
	ProjectSection(SolutionItems) = preProject
		.gitignore = .gitignore
		.travis.yml = .travis.yml
		README.md = README.md
	EndProjectSection
EndProject
Global
	GlobalSection(SolutionConfigurationPlatforms) = preSolution
		Debug|Any CPU = Debug|Any CPU
		Release|Any CPU = Release|Any CPU
	EndGlobalSection
	GlobalSection(ProjectConfigurationPlatforms) = postSolution
		{E8178D2F-838E-450D-8CAA-7CF1DF483BC6}.Debug|Any CPU.ActiveCfg = Debug|Any CPU
		{E8178D2F-838E-450D-8CAA-7CF1DF483BC6}.Debug|Any CPU.Build.0 = Debug|Any CPU
		{E8178D2F-838E-450D-8CAA-7CF1DF483BC6}.Release|Any CPU.ActiveCfg = Release|Any CPU
		{E8178D2F-838E-450D-8CAA-7CF1DF483BC6}.Release|Any CPU.Build.0 = Release|Any CPU
		{B2E1EEF7-F3BF-4711-BB96-C96238229339}.Debug|Any CPU.ActiveCfg = Debug|Any CPU
		{B2E1EEF7-F3BF-4711-BB96-C96238229339}.Debug|Any CPU.Build.0 = Debug|Any CPU
		{B2E1EEF7-F3BF-4711-BB96-C96238229339}.Release|Any CPU.ActiveCfg = Release|Any CPU
		{B2E1EEF7-F3BF-4711-BB96-C96238229339}.Release|Any CPU.Build.0 = Release|Any CPU
		{0451BAEF-DF2E-4B98-8644-94EE9415E389}.Debug|Any CPU.ActiveCfg = Debug|Any CPU
		{0451BAEF-DF2E-4B98-8644-94EE9415E389}.Debug|Any CPU.Build.0 = Debug|Any CPU
		{0451BAEF-DF2E-4B98-8644-94EE9415E389}.Release|Any CPU.ActiveCfg = Release|Any CPU
		{0451BAEF-DF2E-4B98-8644-94EE9415E389}.Release|Any CPU.Build.0 = Release|Any CPU
	EndGlobalSection
	GlobalSection(SolutionProperties) = preSolution
		HideSolutionNode = FALSE
	EndGlobalSection
	GlobalSection(CodealikeProperties) = postSolution
		SolutionGuid = f970771c-0c3d-4bd4-b841-11997a6e9848
	EndGlobalSection
EndGlobal
